
Microsoft Visual Studio Solution File, Format Version 12.00
# Visual Studio Version 17
VisualStudioVersion = 17.14.35510.195
MinimumVisualStudioVersion = 10.0.40219.1
Project("{2150E333-8FDC-42A3-9474-1A3956D46DE8}") = "src", "src", "{DA000001-0000-0000-0000-000000000001}"
EndProject
Project("{2150E333-8FDC-42A3-9474-1A3956D46DE8}") = "tests", "tests", "{DA000002-0000-0000-0000-000000000002}"
EndProject
Project("{FAE04EC0-301F-11D3-BF4B-00C04F79EFBC}") = "RemoteOps.Contracts", "src\RemoteOps.Contracts\RemoteOps.Contracts.csproj", "{D1A2B3C4-E5F6-4789-AB01-CD2345678901}"
EndProject
Project("{FAE04EC0-301F-11D3-BF4B-00C04F79EFBC}") = "RemoteOps.Security", "src\RemoteOps.Security\RemoteOps.Security.csproj", "{D2A2B3C4-E5F6-4789-AB01-CD2345678902}"
EndProject
Project("{FAE04EC0-301F-11D3-BF4B-00C04F79EFBC}") = "RemoteOps.Terminal", "src\RemoteOps.Terminal\RemoteOps.Terminal.csproj", "{D3A2B3C4-E5F6-4789-AB01-CD2345678903}"
EndProject
Project("{FAE04EC0-301F-11D3-BF4B-00C04F79EFBC}") = "RemoteOps.MikroTik", "src\RemoteOps.MikroTik\RemoteOps.MikroTik.csproj", "{D4A2B3C4-E5F6-4789-AB01-CD2345678904}"
EndProject
Project("{FAE04EC0-301F-11D3-BF4B-00C04F79EFBC}") = "RemoteOps.Sync", "src\RemoteOps.Sync\RemoteOps.Sync.csproj", "{D5A2B3C4-E5F6-4789-AB01-CD2345678905}"
EndProject
Project("{FAE04EC0-301F-11D3-BF4B-00C04F79EFBC}") = "RemoteOps.Desktop", "src\RemoteOps.Desktop\RemoteOps.Desktop.csproj", "{D6A2B3C4-E5F6-4789-AB01-CD2345678906}"
EndProject
Project("{FAE04EC0-301F-11D3-BF4B-00C04F79EFBC}") = "RemoteOps.Rdp", "src\RemoteOps.Rdp\RemoteOps.Rdp.csproj", "{D7A2B3C4-E5F6-4789-AB01-CD2345678907}"
EndProject
Project("{FAE04EC0-301F-11D3-BF4B-00C04F79EFBC}") = "RemoteOps.Cloud", "src\RemoteOps.Cloud\RemoteOps.Cloud.csproj", "{D8A2B3C4-E5F6-4789-AB01-CD2345678908}"
EndProject
Project("{FAE04EC0-301F-11D3-BF4B-00C04F79EFBC}") = "RemoteOps.UnitTests", "tests\RemoteOps.UnitTests\RemoteOps.UnitTests.csproj", "{D9A2B3C4-E5F6-4789-AB01-CD2345678909}"
EndProject
Global
	GlobalSection(SolutionConfigurationPlatforms) = preSolution
		Debug|Any CPU = Debug|Any CPU
		Release|Any CPU = Release|Any CPU
	EndGlobalSection
	GlobalSection(ProjectConfigurationPlatforms) = postSolution
		{D1A2B3C4-E5F6-4789-AB01-CD2345678901}.Debug|Any CPU.ActiveCfg = Debug|Any CPU
		{D1A2B3C4-E5F6-4789-AB01-CD2345678901}.Debug|Any CPU.Build.0 = Debug|Any CPU
		{D1A2B3C4-E5F6-4789-AB01-CD2345678901}.Release|Any CPU.ActiveCfg = Release|Any CPU
		{D1A2B3C4-E5F6-4789-AB01-CD2345678901}.Release|Any CPU.Build.0 = Release|Any CPU
		{D2A2B3C4-E5F6-4789-AB01-CD2345678902}.Debug|Any CPU.ActiveCfg = Debug|Any CPU
		{D2A2B3C4-E5F6-4789-AB01-CD2345678902}.Debug|Any CPU.Build.0 = Debug|Any CPU
		{D2A2B3C4-E5F6-4789-AB01-CD2345678902}.Release|Any CPU.ActiveCfg = Release|Any CPU
		{D2A2B3C4-E5F6-4789-AB01-CD2345678902}.Release|Any CPU.Build.0 = Release|Any CPU
		{D3A2B3C4-E5F6-4789-AB01-CD2345678903}.Debug|Any CPU.ActiveCfg = Debug|Any CPU
		{D3A2B3C4-E5F6-4789-AB01-CD2345678903}.Debug|Any CPU.Build.0 = Debug|Any CPU
		{D3A2B3C4-E5F6-4789-AB01-CD2345678903}.Release|Any CPU.ActiveCfg = Release|Any CPU
		{D3A2B3C4-E5F6-4789-AB01-CD2345678903}.Release|Any CPU.Build.0 = Release|Any CPU
		{D4A2B3C4-E5F6-4789-AB01-CD2345678904}.Debug|Any CPU.ActiveCfg = Debug|Any CPU
		{D4A2B3C4-E5F6-4789-AB01-CD2345678904}.Debug|Any CPU.Build.0 = Debug|Any CPU
		{D4A2B3C4-E5F6-4789-AB01-CD2345678904}.Release|Any CPU.ActiveCfg = Release|Any CPU
		{D4A2B3C4-E5F6-4789-AB01-CD2345678904}.Release|Any CPU.Build.0 = Release|Any CPU
		{D5A2B3C4-E5F6-4789-AB01-CD2345678905}.Debug|Any CPU.ActiveCfg = Debug|Any CPU
		{D5A2B3C4-E5F6-4789-AB01-CD2345678905}.Debug|Any CPU.Build.0 = Debug|Any CPU
		{D5A2B3C4-E5F6-4789-AB01-CD2345678905}.Release|Any CPU.ActiveCfg = Release|Any CPU
		{D5A2B3C4-E5F6-4789-AB01-CD2345678905}.Release|Any CPU.Build.0 = Release|Any CPU
		{D6A2B3C4-E5F6-4789-AB01-CD2345678906}.Debug|Any CPU.ActiveCfg = Debug|Any CPU
		{D6A2B3C4-E5F6-4789-AB01-CD2345678906}.Debug|Any CPU.Build.0 = Debug|Any CPU
		{D6A2B3C4-E5F6-4789-AB01-CD2345678906}.Release|Any CPU.ActiveCfg = Release|Any CPU
		{D6A2B3C4-E5F6-4789-AB01-CD2345678906}.Release|Any CPU.Build.0 = Release|Any CPU
		{D7A2B3C4-E5F6-4789-AB01-CD2345678907}.Debug|Any CPU.ActiveCfg = Debug|Any CPU
		{D7A2B3C4-E5F6-4789-AB01-CD2345678907}.Debug|Any CPU.Build.0 = Debug|Any CPU
		{D7A2B3C4-E5F6-4789-AB01-CD2345678907}.Release|Any CPU.ActiveCfg = Release|Any CPU
		{D7A2B3C4-E5F6-4789-AB01-CD2345678907}.Release|Any CPU.Build.0 = Release|Any CPU
		{D8A2B3C4-E5F6-4789-AB01-CD2345678908}.Debug|Any CPU.ActiveCfg = Debug|Any CPU
		{D8A2B3C4-E5F6-4789-AB01-CD2345678908}.Debug|Any CPU.Build.0 = Debug|Any CPU
		{D8A2B3C4-E5F6-4789-AB01-CD2345678908}.Release|Any CPU.ActiveCfg = Release|Any CPU
		{D8A2B3C4-E5F6-4789-AB01-CD2345678908}.Release|Any CPU.Build.0 = Release|Any CPU
		{D9A2B3C4-E5F6-4789-AB01-CD2345678909}.Debug|Any CPU.ActiveCfg = Debug|Any CPU
		{D9A2B3C4-E5F6-4789-AB01-CD2345678909}.Debug|Any CPU.Build.0 = Debug|Any CPU
		{D9A2B3C4-E5F6-4789-AB01-CD2345678909}.Release|Any CPU.ActiveCfg = Release|Any CPU
		{D9A2B3C4-E5F6-4789-AB01-CD2345678909}.Release|Any CPU.Build.0 = Release|Any CPU
	EndGlobalSection
	GlobalSection(SolutionProperties) = preSolution
		HideSolutionNode = FALSE
	EndGlobalSection
	GlobalSection(NestedProjects) = preSolution
		{D1A2B3C4-E5F6-4789-AB01-CD2345678901} = {DA000001-0000-0000-0000-000000000001}
		{D2A2B3C4-E5F6-4789-AB01-CD2345678902} = {DA000001-0000-0000-0000-000000000001}
		{D3A2B3C4-E5F6-4789-AB01-CD2345678903} = {DA000001-0000-0000-0000-000000000001}
		{D4A2B3C4-E5F6-4789-AB01-CD2345678904} = {DA000001-0000-0000-0000-000000000001}
		{D5A2B3C4-E5F6-4789-AB01-CD2345678905} = {DA000001-0000-0000-0000-000000000001}
		{D6A2B3C4-E5F6-4789-AB01-CD2345678906} = {DA000001-0000-0000-0000-000000000001}
		{D7A2B3C4-E5F6-4789-AB01-CD2345678907} = {DA000001-0000-0000-0000-000000000001}
		{D8A2B3C4-E5F6-4789-AB01-CD2345678908} = {DA000001-0000-0000-0000-000000000001}
		{D9A2B3C4-E5F6-4789-AB01-CD2345678909} = {DA000002-0000-0000-0000-000000000002}
	EndGlobalSection
EndGlobal
